
Microsoft Visual Studio Solution File, Format Version 12.00
# Visual Studio 15
VisualStudioVersion = 15.0.28307.1000
MinimumVisualStudioVersion = 10.0.40219.1
Project("{8BC9CEB8-8B4A-11D0-8D11-00A0C91BC942}") = "MSCloth", "MSCloth.vcxproj", "{362BC6AA-3B08-4A16-BAA8-CAFA9C2F9765}"
EndProject
Global
	GlobalSection(SolutionConfigurationPlatforms) = preSolution
		Debug|x64 = Debug|x64
		Release|x64 = Release|x64
	EndGlobalSection
	GlobalSection(ProjectConfigurationPlatforms) = postSolution
		{362BC6AA-3B08-4A16-BAA8-CAFA9C2F9765}.Debug|x64.ActiveCfg = Debug|x64
		{362BC6AA-3B08-4A16-BAA8-CAFA9C2F9765}.Debug|x64.Build.0 = Debug|x64
		{362BC6AA-3B08-4A16-BAA8-CAFA9C2F9765}.Release|x64.ActiveCfg = Release|x64
		{362BC6AA-3B08-4A16-BAA8-CAFA9C2F9765}.Release|x64.Build.0 = Release|x64
	EndGlobalSection
	GlobalSection(SolutionProperties) = preSolution
		HideSolutionNode = FALSE
	EndGlobalSection
	GlobalSection(ExtensibilityGlobals) = postSolution
		SolutionGuid = {C2F76FFF-B18F-48C2-A776-08CC7344EDE3}
	EndGlobalSection
EndGlobal
